
Microsoft Visual Studio Solution File, Format Version 12.00
# Visual Studio Version 17
VisualStudioVersion = 17.5.33424.131
MinimumVisualStudioVersion = 10.0.40219.1
Project("{2150E333-8FDC-42A3-9474-1A3956D46DE8}") = "Business", "Business", "{FC447368-21EC-40B1-87BE-A904497947FA}"
EndProject
Project("{2150E333-8FDC-42A3-9474-1A3956D46DE8}") = "Client", "Client", "{23D81759-7D74-4143-A0A3-0A3363D59953}"
EndProject
Project("{2150E333-8FDC-42A3-9474-1A3956D46DE8}") = "Core", "Core", "{97EE7E42-D086-4B56-9781-B4A4CCDC5A9F}"
EndProject
Project("{9A19103F-16F7-4668-BE54-9A1E7A4F7556}") = "Core.Common.Contracts", "Core.Common.Contracts\Core.Common.Contracts.csproj", "{0D441214-5D63-4E44-B53F-7F8009088289}"
EndProject
Project("{9A19103F-16F7-4668-BE54-9A1E7A4F7556}") = "Core.Common", "Core.Common\Core.Common.csproj", "{9A548EF6-C6CA-4789-9A02-AF5D4B8B1965}"
EndProject
Project("{2150E333-8FDC-42A3-9474-1A3956D46DE8}") = "Resource Access", "Resource Access", "{BBF0B6B4-10C4-4B97-B284-34FC709FAAF8}"
EndProject
Project("{9A19103F-16F7-4668-BE54-9A1E7A4F7556}") = "Glosolalia.Data", "Glosolalia.Data\Glosolalia.Data.csproj", "{56C4D24D-2E0B-4B4E-8BE3-DCD1BA9748D4}"
EndProject
Project("{2150E333-8FDC-42A3-9474-1A3956D46DE8}") = "UI", "UI", "{B463D14F-551E-4A12-B3E3-14F85B3153A9}"
EndProject
Project("{9A19103F-16F7-4668-BE54-9A1E7A4F7556}") = "Glosolalia.Data.Contracts", "Glosolalia.Data.Contracts\Glosolalia.Data.Contracts.csproj", "{36E7C482-20C4-4462-9E7F-511947E08BCA}"
EndProject
Project("{2150E333-8FDC-42A3-9474-1A3956D46DE8}") = "Tests", "Tests", "{BC9EC4F6-F495-4636-BBFC-AF593E5F81CB}"
EndProject
Project("{9A19103F-16F7-4668-BE54-9A1E7A4F7556}") = "Glosolalia.Business.Bootstrapper", "Glosolalia.Business.Bootstrapper\Glosolalia.Business.Bootstrapper.csproj", "{F7B93327-4070-46B3-956C-8F8F3628C5E4}"
EndProject
Project("{9A19103F-16F7-4668-BE54-9A1E7A4F7556}") = "ConsoleApp1", "ConsoleApp1\ConsoleApp1.csproj", "{8AE6DC08-015F-464F-924D-A47E7EFED7D1}"
EndProject
Project("{2150E333-8FDC-42A3-9474-1A3956D46DE8}") = "Parsers", "Parsers", "{63DFC4AD-382A-44B0-BE98-0FA4BCB367BB}"
EndProject
Project("{9A19103F-16F7-4668-BE54-9A1E7A4F7556}") = "Pars.Excell", "Pars.Excell\Pars.Excell.csproj", "{13F933FE-2FFE-4F68-B687-95C12CA9AFED}"
EndProject
Project("{2150E333-8FDC-42A3-9474-1A3956D46DE8}") = "Common", "Common", "{5927BC4D-E72D-4277-A380-0664EA5125D4}"
EndProject
Project("{9A19103F-16F7-4668-BE54-9A1E7A4F7556}") = "Glosolalia.Common.Contracts", "Glosolalia.Common.Contracts\Glosolalia.Common.Contracts.csproj", "{3CC68DE6-B402-4E73-A801-CB7F2549A8DD}"
EndProject
Project("{9A19103F-16F7-4668-BE54-9A1E7A4F7556}") = "Glosolalia.Common", "Glosolalia.Common\Glosolalia.Common.csproj", "{1804BD86-84C2-40A1-BB56-9B4BF5DCD746}"
EndProject
Project("{9A19103F-16F7-4668-BE54-9A1E7A4F7556}") = "Glosolalia.Entities.Test", "Glosolalia.Entities.Test\Glosolalia.Entities.Test.csproj", "{1B62BDE0-CCEC-40D0-8CC3-56582163F3D0}"
EndProject
Project("{9A19103F-16F7-4668-BE54-9A1E7A4F7556}") = "Glosolalia.Common.Entities", "Glosolalia.Common.Entities\Glosolalia.Common.Entities.csproj", "{556111A7-A364-48ED-8574-9AAE6D134E17}"
EndProject
Project("{9A19103F-16F7-4668-BE54-9A1E7A4F7556}") = "Glosolalia.WEB", "Glosolalia.WEB\Glosolalia.WEB.csproj", "{F79AC671-999B-4478-A013-A113A7D5F81A}"
EndProject
Global
	GlobalSection(SolutionConfigurationPlatforms) = preSolution
		Debug|Any CPU = Debug|Any CPU
		Release|Any CPU = Release|Any CPU
	EndGlobalSection
	GlobalSection(ProjectConfigurationPlatforms) = postSolution
		{0D441214-5D63-4E44-B53F-7F8009088289}.Debug|Any CPU.ActiveCfg = Debug|Any CPU
		{0D441214-5D63-4E44-B53F-7F8009088289}.Debug|Any CPU.Build.0 = Debug|Any CPU
		{0D441214-5D63-4E44-B53F-7F8009088289}.Release|Any CPU.ActiveCfg = Release|Any CPU
		{0D441214-5D63-4E44-B53F-7F8009088289}.Release|Any CPU.Build.0 = Release|Any CPU
		{9A548EF6-C6CA-4789-9A02-AF5D4B8B1965}.Debug|Any CPU.ActiveCfg = Debug|Any CPU
		{9A548EF6-C6CA-4789-9A02-AF5D4B8B1965}.Debug|Any CPU.Build.0 = Debug|Any CPU
		{9A548EF6-C6CA-4789-9A02-AF5D4B8B1965}.Release|Any CPU.ActiveCfg = Release|Any CPU
		{9A548EF6-C6CA-4789-9A02-AF5D4B8B1965}.Release|Any CPU.Build.0 = Release|Any CPU
		{56C4D24D-2E0B-4B4E-8BE3-DCD1BA9748D4}.Debug|Any CPU.ActiveCfg = Debug|Any CPU
		{56C4D24D-2E0B-4B4E-8BE3-DCD1BA9748D4}.Debug|Any CPU.Build.0 = Debug|Any CPU
		{56C4D24D-2E0B-4B4E-8BE3-DCD1BA9748D4}.Release|Any CPU.ActiveCfg = Release|Any CPU
		{56C4D24D-2E0B-4B4E-8BE3-DCD1BA9748D4}.Release|Any CPU.Build.0 = Release|Any CPU
		{36E7C482-20C4-4462-9E7F-511947E08BCA}.Debug|Any CPU.ActiveCfg = Debug|Any CPU
		{36E7C482-20C4-4462-9E7F-511947E08BCA}.Debug|Any CPU.Build.0 = Debug|Any CPU
		{36E7C482-20C4-4462-9E7F-511947E08BCA}.Release|Any CPU.ActiveCfg = Release|Any CPU
		{36E7C482-20C4-4462-9E7F-511947E08BCA}.Release|Any CPU.Build.0 = Release|Any CPU
		{F7B93327-4070-46B3-956C-8F8F3628C5E4}.Debug|Any CPU.ActiveCfg = Debug|Any CPU
		{F7B93327-4070-46B3-956C-8F8F3628C5E4}.Debug|Any CPU.Build.0 = Debug|Any CPU
		{F7B93327-4070-46B3-956C-8F8F3628C5E4}.Release|Any CPU.ActiveCfg = Release|Any CPU
		{F7B93327-4070-46B3-956C-8F8F3628C5E4}.Release|Any CPU.Build.0 = Release|Any CPU
		{8AE6DC08-015F-464F-924D-A47E7EFED7D1}.Debug|Any CPU.ActiveCfg = Debug|Any CPU
		{8AE6DC08-015F-464F-924D-A47E7EFED7D1}.Debug|Any CPU.Build.0 = Debug|Any CPU
		{8AE6DC08-015F-464F-924D-A47E7EFED7D1}.Release|Any CPU.ActiveCfg = Release|Any CPU
		{8AE6DC08-015F-464F-924D-A47E7EFED7D1}.Release|Any CPU.Build.0 = Release|Any CPU
		{13F933FE-2FFE-4F68-B687-95C12CA9AFED}.Debug|Any CPU.ActiveCfg = Debug|Any CPU
		{13F933FE-2FFE-4F68-B687-95C12CA9AFED}.Debug|Any CPU.Build.0 = Debug|Any CPU
		{13F933FE-2FFE-4F68-B687-95C12CA9AFED}.Release|Any CPU.ActiveCfg = Release|Any CPU
		{13F933FE-2FFE-4F68-B687-95C12CA9AFED}.Release|Any CPU.Build.0 = Release|Any CPU
		{3CC68DE6-B402-4E73-A801-CB7F2549A8DD}.Debug|Any CPU.ActiveCfg = Debug|Any CPU
		{3CC68DE6-B402-4E73-A801-CB7F2549A8DD}.Debug|Any CPU.Build.0 = Debug|Any CPU
		{3CC68DE6-B402-4E73-A801-CB7F2549A8DD}.Release|Any CPU.ActiveCfg = Release|Any CPU
		{3CC68DE6-B402-4E73-A801-CB7F2549A8DD}.Release|Any CPU.Build.0 = Release|Any CPU
		{1804BD86-84C2-40A1-BB56-9B4BF5DCD746}.Debug|Any CPU.ActiveCfg = Debug|Any CPU
		{1804BD86-84C2-40A1-BB56-9B4BF5DCD746}.Debug|Any CPU.Build.0 = Debug|Any CPU
		{1804BD86-84C2-40A1-BB56-9B4BF5DCD746}.Release|Any CPU.ActiveCfg = Release|Any CPU
		{1804BD86-84C2-40A1-BB56-9B4BF5DCD746}.Release|Any CPU.Build.0 = Release|Any CPU
		{1B62BDE0-CCEC-40D0-8CC3-56582163F3D0}.Debug|Any CPU.ActiveCfg = Debug|Any CPU
		{1B62BDE0-CCEC-40D0-8CC3-56582163F3D0}.Debug|Any CPU.Build.0 = Debug|Any CPU
		{1B62BDE0-CCEC-40D0-8CC3-56582163F3D0}.Release|Any CPU.ActiveCfg = Release|Any CPU
		{1B62BDE0-CCEC-40D0-8CC3-56582163F3D0}.Release|Any CPU.Build.0 = Release|Any CPU
		{556111A7-A364-48ED-8574-9AAE6D134E17}.Debug|Any CPU.ActiveCfg = Debug|Any CPU
		{556111A7-A364-48ED-8574-9AAE6D134E17}.Debug|Any CPU.Build.0 = Debug|Any CPU
		{556111A7-A364-48ED-8574-9AAE6D134E17}.Release|Any CPU.ActiveCfg = Release|Any CPU
		{556111A7-A364-48ED-8574-9AAE6D134E17}.Release|Any CPU.Build.0 = Release|Any CPU
		{F79AC671-999B-4478-A013-A113A7D5F81A}.Debug|Any CPU.ActiveCfg = Debug|Any CPU
		{F79AC671-999B-4478-A013-A113A7D5F81A}.Debug|Any CPU.Build.0 = Debug|Any CPU
		{F79AC671-999B-4478-A013-A113A7D5F81A}.Release|Any CPU.ActiveCfg = Release|Any CPU
		{F79AC671-999B-4478-A013-A113A7D5F81A}.Release|Any CPU.Build.0 = Release|Any CPU
	EndGlobalSection
	GlobalSection(SolutionProperties) = preSolution
		HideSolutionNode = FALSE
	EndGlobalSection
	GlobalSection(NestedProjects) = preSolution
		{0D441214-5D63-4E44-B53F-7F8009088289} = {97EE7E42-D086-4B56-9781-B4A4CCDC5A9F}
		{9A548EF6-C6CA-4789-9A02-AF5D4B8B1965} = {97EE7E42-D086-4B56-9781-B4A4CCDC5A9F}
		{56C4D24D-2E0B-4B4E-8BE3-DCD1BA9748D4} = {BBF0B6B4-10C4-4B97-B284-34FC709FAAF8}
		{36E7C482-20C4-4462-9E7F-511947E08BCA} = {BBF0B6B4-10C4-4B97-B284-34FC709FAAF8}
		{F7B93327-4070-46B3-956C-8F8F3628C5E4} = {FC447368-21EC-40B1-87BE-A904497947FA}
		{8AE6DC08-015F-464F-924D-A47E7EFED7D1} = {B463D14F-551E-4A12-B3E3-14F85B3153A9}
		{13F933FE-2FFE-4F68-B687-95C12CA9AFED} = {63DFC4AD-382A-44B0-BE98-0FA4BCB367BB}
		{3CC68DE6-B402-4E73-A801-CB7F2549A8DD} = {5927BC4D-E72D-4277-A380-0664EA5125D4}
		{1804BD86-84C2-40A1-BB56-9B4BF5DCD746} = {5927BC4D-E72D-4277-A380-0664EA5125D4}
		{1B62BDE0-CCEC-40D0-8CC3-56582163F3D0} = {BC9EC4F6-F495-4636-BBFC-AF593E5F81CB}
		{556111A7-A364-48ED-8574-9AAE6D134E17} = {5927BC4D-E72D-4277-A380-0664EA5125D4}
		{F79AC671-999B-4478-A013-A113A7D5F81A} = {B463D14F-551E-4A12-B3E3-14F85B3153A9}
	EndGlobalSection
	GlobalSection(ExtensibilityGlobals) = postSolution
		SolutionGuid = {3B29795C-8FFE-48FD-AB6E-AF5DB16A3A9C}
	EndGlobalSection
EndGlobal
